// !$*UTF8*$!
{
	archiveVersion = 1;
	classes = {
	};
	objectVersion = 56;
	objects = {

/* Begin PBXBuildFile section */
		EDB3D7F32B10230E008B6939 /* OutdoorNestApp.swift in Sources */ = {isa = PBXBuildFile; fileRef = EDB3D7F22B10230E008B6939 /* OutdoorNestApp.swift */; };
		EDB3D7F52B10230E008B6939 /* ContentView.swift in Sources */ = {isa = PBXBuildFile; fileRef = EDB3D7F42B10230E008B6939 /* ContentView.swift */; };
		EDB3D7F72B102310008B6939 /* Assets.xcassets in Resources */ = {isa = PBXBuildFile; fileRef = EDB3D7F62B102310008B6939 /* Assets.xcassets */; };
		EDB3D7FA2B102310008B6939 /* Preview Assets.xcassets in Resources */ = {isa = PBXBuildFile; fileRef = EDB3D7F92B102310008B6939 /* Preview Assets.xcassets */; };
		EDB3D7FF2B102310008B6939 /* OutdoorNest.xcdatamodeld in Sources */ = {isa = PBXBuildFile; fileRef = EDB3D7FD2B102310008B6939 /* OutdoorNest.xcdatamodeld */; };
		EDB3D80B2B1386F0008B6939 /* ActivitiesModel.swift in Sources */ = {isa = PBXBuildFile; fileRef = EDB3D80A2B1386F0008B6939 /* ActivitiesModel.swift */; };
		EDB3D8102B155DD9008B6939 /* NetworkEndpointGenerator.swift in Sources */ = {isa = PBXBuildFile; fileRef = EDB3D80F2B155DD9008B6939 /* NetworkEndpointGenerator.swift */; };
		EDB3D8142B162F50008B6939 /* ParksModel.swift in Sources */ = {isa = PBXBuildFile; fileRef = EDB3D8132B162F50008B6939 /* ParksModel.swift */; };
		EDB3D8162B1634DE008B6939 /* AlertsModel.swift in Sources */ = {isa = PBXBuildFile; fileRef = EDB3D8152B1634DE008B6939 /* AlertsModel.swift */; };
		EDB3D8182B1634F4008B6939 /* AmenitiesModel.swift in Sources */ = {isa = PBXBuildFile; fileRef = EDB3D8172B1634F4008B6939 /* AmenitiesModel.swift */; };
		EDB3D81A2B17C27A008B6939 /* TopicModel.swift in Sources */ = {isa = PBXBuildFile; fileRef = EDB3D8192B17C279008B6939 /* TopicModel.swift */; };
		EDB3D81C2B17C41A008B6939 /* FeesPassesModel.swift in Sources */ = {isa = PBXBuildFile; fileRef = EDB3D81B2B17C419008B6939 /* FeesPassesModel.swift */; };
		EDB3D81F2B1A7EA8008B6939 /* ACNetwork in Frameworks */ = {isa = PBXBuildFile; productRef = EDB3D81E2B1A7EA8008B6939 /* ACNetwork */; };
		EDB3D8222B1A8987008B6939 /* ParksViewModel.swift in Sources */ = {isa = PBXBuildFile; fileRef = EDB3D8212B1A8987008B6939 /* ParksViewModel.swift */; };
		EDB3D83E2B1BF6C9008B6939 /* APIModels.swift in Sources */ = {isa = PBXBuildFile; fileRef = EDB3D83D2B1BF6C9008B6939 /* APIModels.swift */; };
		EDB3D8402B1C1C56008B6939 /* Persistence.swift in Sources */ = {isa = PBXBuildFile; fileRef = EDB3D83F2B1C1C56008B6939 /* Persistence.swift */; };
		EDB3D8422B1C1C7C008B6939 /* Configuration.swift in Sources */ = {isa = PBXBuildFile; fileRef = EDB3D8412B1C1C7C008B6939 /* Configuration.swift */; };
/* End PBXBuildFile section */

/* Begin PBXFileReference section */
		EDB3D7EF2B10230E008B6939 /* OutdoorNest.app */ = {isa = PBXFileReference; explicitFileType = wrapper.application; includeInIndex = 0; path = OutdoorNest.app; sourceTree = BUILT_PRODUCTS_DIR; };
		EDB3D7F22B10230E008B6939 /* OutdoorNestApp.swift */ = {isa = PBXFileReference; lastKnownFileType = sourcecode.swift; path = OutdoorNestApp.swift; sourceTree = "<group>"; };
		EDB3D7F42B10230E008B6939 /* ContentView.swift */ = {isa = PBXFileReference; lastKnownFileType = sourcecode.swift; path = ContentView.swift; sourceTree = "<group>"; };
		EDB3D7F62B102310008B6939 /* Assets.xcassets */ = {isa = PBXFileReference; lastKnownFileType = folder.assetcatalog; path = Assets.xcassets; sourceTree = "<group>"; };
		EDB3D7F92B102310008B6939 /* Preview Assets.xcassets */ = {isa = PBXFileReference; lastKnownFileType = folder.assetcatalog; path = "Preview Assets.xcassets"; sourceTree = "<group>"; };
		EDB3D7FE2B102310008B6939 /* OutdoorNest.xcdatamodel */ = {isa = PBXFileReference; lastKnownFileType = wrapper.xcdatamodel; path = OutdoorNest.xcdatamodel; sourceTree = "<group>"; };
		EDB3D80A2B1386F0008B6939 /* ActivitiesModel.swift */ = {isa = PBXFileReference; lastKnownFileType = sourcecode.swift; path = ActivitiesModel.swift; sourceTree = "<group>"; };
		EDB3D80F2B155DD9008B6939 /* NetworkEndpointGenerator.swift */ = {isa = PBXFileReference; lastKnownFileType = sourcecode.swift; path = NetworkEndpointGenerator.swift; sourceTree = "<group>"; };
		EDB3D8132B162F50008B6939 /* ParksModel.swift */ = {isa = PBXFileReference; lastKnownFileType = sourcecode.swift; path = ParksModel.swift; sourceTree = "<group>"; };
		EDB3D8152B1634DE008B6939 /* AlertsModel.swift */ = {isa = PBXFileReference; lastKnownFileType = sourcecode.swift; path = AlertsModel.swift; sourceTree = "<group>"; };
		EDB3D8172B1634F4008B6939 /* AmenitiesModel.swift */ = {isa = PBXFileReference; lastKnownFileType = sourcecode.swift; path = AmenitiesModel.swift; sourceTree = "<group>"; };
		EDB3D8192B17C279008B6939 /* TopicModel.swift */ = {isa = PBXFileReference; lastKnownFileType = sourcecode.swift; path = TopicModel.swift; sourceTree = "<group>"; };
		EDB3D81B2B17C419008B6939 /* FeesPassesModel.swift */ = {isa = PBXFileReference; lastKnownFileType = sourcecode.swift; path = FeesPassesModel.swift; sourceTree = "<group>"; };
		EDB3D8212B1A8987008B6939 /* ParksViewModel.swift */ = {isa = PBXFileReference; lastKnownFileType = sourcecode.swift; path = ParksViewModel.swift; sourceTree = "<group>"; };
		EDB3D83D2B1BF6C9008B6939 /* APIModels.swift */ = {isa = PBXFileReference; lastKnownFileType = sourcecode.swift; path = APIModels.swift; sourceTree = "<group>"; };
		EDB3D83F2B1C1C56008B6939 /* Persistence.swift */ = {isa = PBXFileReference; lastKnownFileType = sourcecode.swift; path = Persistence.swift; sourceTree = "<group>"; };
		EDB3D8412B1C1C7C008B6939 /* Configuration.swift */ = {isa = PBXFileReference; lastKnownFileType = sourcecode.swift; path = Configuration.swift; sourceTree = "<group>"; };
/* End PBXFileReference section */

/* Begin PBXFrameworksBuildPhase section */
		EDB3D7EC2B10230E008B6939 /* Frameworks */ = {
			isa = PBXFrameworksBuildPhase;
			buildActionMask = 2147483647;
			files = (
				EDB3D81F2B1A7EA8008B6939 /* ACNetwork in Frameworks */,
			);
			runOnlyForDeploymentPostprocessing = 0;
		};
/* End PBXFrameworksBuildPhase section */

/* Begin PBXGroup section */
		EDB3D7E62B10230E008B6939 = {
			isa = PBXGroup;
			children = (
				EDB3D7F12B10230E008B6939 /* OutdoorNest */,
				EDB3D7F02B10230E008B6939 /* Products */,
			);
			sourceTree = "<group>";
		};
		EDB3D7F02B10230E008B6939 /* Products */ = {
			isa = PBXGroup;
			children = (
				EDB3D7EF2B10230E008B6939 /* OutdoorNest.app */,
			);
			name = Products;
			sourceTree = "<group>";
		};
		EDB3D7F12B10230E008B6939 /* OutdoorNest */ = {
			isa = PBXGroup;
			children = (
				EDB3D7F22B10230E008B6939 /* OutdoorNestApp.swift */,
				EDB3D7F42B10230E008B6939 /* ContentView.swift */,
				EDB3D8202B1A8907008B6939 /* ViewModels */,
				EDB3D8062B10232D008B6939 /* Models */,
				EDB3D8052B102323008B6939 /* Resources */,
				EDB3D8072B10233A008B6939 /* System */,
				EDB3D8432B1C26DF008B6939 /* Persistence */,
				EDB3D80C2B138B99008B6939 /* Network */,
				EDB3D7FD2B102310008B6939 /* OutdoorNest.xcdatamodeld */,
				EDB3D7F82B102310008B6939 /* Preview Content */,
			);
			path = OutdoorNest;
			sourceTree = "<group>";
		};
		EDB3D7F82B102310008B6939 /* Preview Content */ = {
			isa = PBXGroup;
			children = (
				EDB3D7F92B102310008B6939 /* Preview Assets.xcassets */,
			);
			path = "Preview Content";
			sourceTree = "<group>";
		};
		EDB3D8052B102323008B6939 /* Resources */ = {
			isa = PBXGroup;
			children = (
			);
			name = Resources;
			path = ..;
			sourceTree = "<group>";
		};
		EDB3D8062B10232D008B6939 /* Models */ = {
			isa = PBXGroup;
			children = (
				EDB3D8132B162F50008B6939 /* ParksModel.swift */,
				EDB3D8172B1634F4008B6939 /* AmenitiesModel.swift */,
				EDB3D80A2B1386F0008B6939 /* ActivitiesModel.swift */,
				EDB3D8152B1634DE008B6939 /* AlertsModel.swift */,
				EDB3D8192B17C279008B6939 /* TopicModel.swift */,
				EDB3D81B2B17C419008B6939 /* FeesPassesModel.swift */,
				EDB3D83D2B1BF6C9008B6939 /* APIModels.swift */,
			);
			name = Models;
			path = ..;
			sourceTree = "<group>";
		};
		EDB3D8072B10233A008B6939 /* System */ = {
			isa = PBXGroup;
			children = (
				EDB3D7F62B102310008B6939 /* Assets.xcassets */,
			);
			name = System;
			path = ..;
			sourceTree = "<group>";
		};
		EDB3D80C2B138B99008B6939 /* Network */ = {
			isa = PBXGroup;
			children = (
				EDB3D80F2B155DD9008B6939 /* NetworkEndpointGenerator.swift */,
				EDB3D8412B1C1C7C008B6939 /* Configuration.swift */,
			);
			name = Network;
			sourceTree = "<group>";
		};
		EDB3D8202B1A8907008B6939 /* ViewModels */ = {
			isa = PBXGroup;
			children = (
				EDB3D8212B1A8987008B6939 /* ParksViewModel.swift */,
			);
			name = ViewModels;
			sourceTree = "<group>";
		};
		EDB3D8432B1C26DF008B6939 /* Persistence */ = {
			isa = PBXGroup;
			children = (
				EDB3D83F2B1C1C56008B6939 /* Persistence.swift */,
			);
			path = Persistence;
			sourceTree = "<group>";
		};
/* End PBXGroup section */

/* Begin PBXNativeTarget section */
		EDB3D7EE2B10230E008B6939 /* OutdoorNest */ = {
			isa = PBXNativeTarget;
			buildConfigurationList = EDB3D8022B102310008B6939 /* Build configuration list for PBXNativeTarget "OutdoorNest" */;
			buildPhases = (
				EDB3D7EB2B10230E008B6939 /* Sources */,
				EDB3D7EC2B10230E008B6939 /* Frameworks */,
				EDB3D7ED2B10230E008B6939 /* Resources */,
			);
			buildRules = (
			);
			dependencies = (
			);
			name = OutdoorNest;
			packageProductDependencies = (
				EDB3D81E2B1A7EA8008B6939 /* ACNetwork */,
			);
			productName = OutdoorNest;
			productReference = EDB3D7EF2B10230E008B6939 /* OutdoorNest.app */;
			productType = "com.apple.product-type.application";
		};
/* End PBXNativeTarget section */

/* Begin PBXProject section */
		EDB3D7E72B10230E008B6939 /* Project object */ = {
			isa = PBXProject;
			attributes = {
				BuildIndependentTargetsInParallel = 1;
				LastSwiftUpdateCheck = 1500;
				LastUpgradeCheck = 1500;
				TargetAttributes = {
					EDB3D7EE2B10230E008B6939 = {
						CreatedOnToolsVersion = 15.0.1;
					};
				};
			};
			buildConfigurationList = EDB3D7EA2B10230E008B6939 /* Build configuration list for PBXProject "OutdoorNest" */;
			compatibilityVersion = "Xcode 14.0";
			developmentRegion = en;
			hasScannedForEncodings = 0;
			knownRegions = (
				en,
				Base,
			);
			mainGroup = EDB3D7E62B10230E008B6939;
			packageReferences = (
				EDB3D81D2B1A7EA8008B6939 /* XCRemoteSwiftPackageReference "ACNetwork" */,
			);
			productRefGroup = EDB3D7F02B10230E008B6939 /* Products */;
			projectDirPath = "";
			projectRoot = "";
			targets = (
				EDB3D7EE2B10230E008B6939 /* OutdoorNest */,
			);
		};
/* End PBXProject section */

/* Begin PBXResourcesBuildPhase section */
		EDB3D7ED2B10230E008B6939 /* Resources */ = {
			isa = PBXResourcesBuildPhase;
			buildActionMask = 2147483647;
			files = (
				EDB3D7FA2B102310008B6939 /* Preview Assets.xcassets in Resources */,
				EDB3D7F72B102310008B6939 /* Assets.xcassets in Resources */,
			);
			runOnlyForDeploymentPostprocessing = 0;
		};
/* End PBXResourcesBuildPhase section */

/* Begin PBXSourcesBuildPhase section */
		EDB3D7EB2B10230E008B6939 /* Sources */ = {
			isa = PBXSourcesBuildPhase;
			buildActionMask = 2147483647;
			files = (
				EDB3D8162B1634DE008B6939 /* AlertsModel.swift in Sources */,
				EDB3D81A2B17C27A008B6939 /* TopicModel.swift in Sources */,
				EDB3D8422B1C1C7C008B6939 /* Configuration.swift in Sources */,
				EDB3D8182B1634F4008B6939 /* AmenitiesModel.swift in Sources */,
				EDB3D7F52B10230E008B6939 /* ContentView.swift in Sources */,
				EDB3D80B2B1386F0008B6939 /* ActivitiesModel.swift in Sources */,
				EDB3D7FF2B102310008B6939 /* OutdoorNest.xcdatamodeld in Sources */,
				EDB3D81C2B17C41A008B6939 /* FeesPassesModel.swift in Sources */,
				EDB3D8402B1C1C56008B6939 /* Persistence.swift in Sources */,
				EDB3D8222B1A8987008B6939 /* ParksViewModel.swift in Sources */,
				EDB3D7F32B10230E008B6939 /* OutdoorNestApp.swift in Sources */,
				EDB3D83E2B1BF6C9008B6939 /* APIModels.swift in Sources */,
				EDB3D8142B162F50008B6939 /* ParksModel.swift in Sources */,
				EDB3D8102B155DD9008B6939 /* NetworkEndpointGenerator.swift in Sources */,
			);
			runOnlyForDeploymentPostprocessing = 0;
		};
/* End PBXSourcesBuildPhase section */

/* Begin XCBuildConfiguration section */
		EDB3D8002B102310008B6939 /* Debug */ = {
			isa = XCBuildConfiguration;
			buildSettings = {
				ALWAYS_SEARCH_USER_PATHS = NO;
				ASSETCATALOG_COMPILER_GENERATE_SWIFT_ASSET_SYMBOL_EXTENSIONS = YES;
				CLANG_ANALYZER_NONNULL = YES;
				CLANG_ANALYZER_NUMBER_OBJECT_CONVERSION = YES_AGGRESSIVE;
				CLANG_CXX_LANGUAGE_STANDARD = "gnu++20";
				CLANG_ENABLE_MODULES = YES;
				CLANG_ENABLE_OBJC_ARC = YES;
				CLANG_ENABLE_OBJC_WEAK = YES;
				CLANG_WARN_BLOCK_CAPTURE_AUTORELEASING = YES;
				CLANG_WARN_BOOL_CONVERSION = YES;
				CLANG_WARN_COMMA = YES;
				CLANG_WARN_CONSTANT_CONVERSION = YES;
				CLANG_WARN_DEPRECATED_OBJC_IMPLEMENTATIONS = YES;
				CLANG_WARN_DIRECT_OBJC_ISA_USAGE = YES_ERROR;
				CLANG_WARN_DOCUMENTATION_COMMENTS = YES;
				CLANG_WARN_EMPTY_BODY = YES;
				CLANG_WARN_ENUM_CONVERSION = YES;
				CLANG_WARN_INFINITE_RECURSION = YES;
				CLANG_WARN_INT_CONVERSION = YES;
				CLANG_WARN_NON_LITERAL_NULL_CONVERSION = YES;
				CLANG_WARN_OBJC_IMPLICIT_RETAIN_SELF = YES;
				CLANG_WARN_OBJC_LITERAL_CONVERSION = YES;
				CLANG_WARN_OBJC_ROOT_CLASS = YES_ERROR;
				CLANG_WARN_QUOTED_INCLUDE_IN_FRAMEWORK_HEADER = YES;
				CLANG_WARN_RANGE_LOOP_ANALYSIS = YES;
				CLANG_WARN_STRICT_PROTOTYPES = YES;
				CLANG_WARN_SUSPICIOUS_MOVE = YES;
				CLANG_WARN_UNGUARDED_AVAILABILITY = YES_AGGRESSIVE;
				CLANG_WARN_UNREACHABLE_CODE = YES;
				CLANG_WARN__DUPLICATE_METHOD_MATCH = YES;
				COPY_PHASE_STRIP = NO;
				DEBUG_INFORMATION_FORMAT = dwarf;
				ENABLE_STRICT_OBJC_MSGSEND = YES;
				ENABLE_TESTABILITY = YES;
				ENABLE_USER_SCRIPT_SANDBOXING = YES;
				GCC_C_LANGUAGE_STANDARD = gnu17;
				GCC_DYNAMIC_NO_PIC = NO;
				GCC_NO_COMMON_BLOCKS = YES;
				GCC_OPTIMIZATION_LEVEL = 0;
				GCC_PREPROCESSOR_DEFINITIONS = (
					"DEBUG=1",
					"$(inherited)",
				);
				GCC_WARN_64_TO_32_BIT_CONVERSION = YES;
				GCC_WARN_ABOUT_RETURN_TYPE = YES_ERROR;
				GCC_WARN_UNDECLARED_SELECTOR = YES;
				GCC_WARN_UNINITIALIZED_AUTOS = YES_AGGRESSIVE;
				GCC_WARN_UNUSED_FUNCTION = YES;
				GCC_WARN_UNUSED_VARIABLE = YES;
				IPHONEOS_DEPLOYMENT_TARGET = 17.0;
				LOCALIZATION_PREFERS_STRING_CATALOGS = YES;
				MTL_ENABLE_DEBUG_INFO = INCLUDE_SOURCE;
				MTL_FAST_MATH = YES;
				ONLY_ACTIVE_ARCH = YES;
				SDKROOT = iphoneos;
				SWIFT_ACTIVE_COMPILATION_CONDITIONS = "DEBUG $(inherited)";
				SWIFT_OPTIMIZATION_LEVEL = "-Onone";
			};
			name = Debug;
		};
		EDB3D8012B102310008B6939 /* Release */ = {
			isa = XCBuildConfiguration;
			buildSettings = {
				ALWAYS_SEARCH_USER_PATHS = NO;
				ASSETCATALOG_COMPILER_GENERATE_SWIFT_ASSET_SYMBOL_EXTENSIONS = YES;
				CLANG_ANALYZER_NONNULL = YES;
				CLANG_ANALYZER_NUMBER_OBJECT_CONVERSION = YES_AGGRESSIVE;
				CLANG_CXX_LANGUAGE_STANDARD = "gnu++20";
				CLANG_ENABLE_MODULES = YES;
				CLANG_ENABLE_OBJC_ARC = YES;
				CLANG_ENABLE_OBJC_WEAK = YES;
				CLANG_WARN_BLOCK_CAPTURE_AUTORELEASING = YES;
				CLANG_WARN_BOOL_CONVERSION = YES;
				CLANG_WARN_COMMA = YES;
				CLANG_WARN_CONSTANT_CONVERSION = YES;
				CLANG_WARN_DEPRECATED_OBJC_IMPLEMENTATIONS = YES;
				CLANG_WARN_DIRECT_OBJC_ISA_USAGE = YES_ERROR;
				CLANG_WARN_DOCUMENTATION_COMMENTS = YES;
				CLANG_WARN_EMPTY_BODY = YES;
				CLANG_WARN_ENUM_CONVERSION = YES;
				CLANG_WARN_INFINITE_RECURSION = YES;
				CLANG_WARN_INT_CONVERSION = YES;
				CLANG_WARN_NON_LITERAL_NULL_CONVERSION = YES;
				CLANG_WARN_OBJC_IMPLICIT_RETAIN_SELF = YES;
				CLANG_WARN_OBJC_LITERAL_CONVERSION = YES;
				CLANG_WARN_OBJC_ROOT_CLASS = YES_ERROR;
				CLANG_WARN_QUOTED_INCLUDE_IN_FRAMEWORK_HEADER = YES;
				CLANG_WARN_RANGE_LOOP_ANALYSIS = YES;
				CLANG_WARN_STRICT_PROTOTYPES = YES;
				CLANG_WARN_SUSPICIOUS_MOVE = YES;
				CLANG_WARN_UNGUARDED_AVAILABILITY = YES_AGGRESSIVE;
				CLANG_WARN_UNREACHABLE_CODE = YES;
				CLANG_WARN__DUPLICATE_METHOD_MATCH = YES;
				COPY_PHASE_STRIP = NO;
				DEBUG_INFORMATION_FORMAT = "dwarf-with-dsym";
				ENABLE_NS_ASSERTIONS = NO;
				ENABLE_STRICT_OBJC_MSGSEND = YES;
				ENABLE_USER_SCRIPT_SANDBOXING = YES;
				GCC_C_LANGUAGE_STANDARD = gnu17;
				GCC_NO_COMMON_BLOCKS = YES;
				GCC_WARN_64_TO_32_BIT_CONVERSION = YES;
				GCC_WARN_ABOUT_RETURN_TYPE = YES_ERROR;
				GCC_WARN_UNDECLARED_SELECTOR = YES;
				GCC_WARN_UNINITIALIZED_AUTOS = YES_AGGRESSIVE;
				GCC_WARN_UNUSED_FUNCTION = YES;
				GCC_WARN_UNUSED_VARIABLE = YES;
				IPHONEOS_DEPLOYMENT_TARGET = 17.0;
				LOCALIZATION_PREFERS_STRING_CATALOGS = YES;
				MTL_ENABLE_DEBUG_INFO = NO;
				MTL_FAST_MATH = YES;
				SDKROOT = iphoneos;
				SWIFT_COMPILATION_MODE = wholemodule;
				VALIDATE_PRODUCT = YES;
			};
			name = Release;
		};
		EDB3D8032B102310008B6939 /* Debug */ = {
			isa = XCBuildConfiguration;
			buildSettings = {
				ASSETCATALOG_COMPILER_APPICON_NAME = AppIcon;
				ASSETCATALOG_COMPILER_GLOBAL_ACCENT_COLOR_NAME = AccentColor;
				CODE_SIGN_STYLE = Automatic;
				CURRENT_PROJECT_VERSION = 1;
				DEVELOPMENT_ASSET_PATHS = "\"OutdoorNest/Preview Content\"";
				DEVELOPMENT_TEAM = 948YBRSZ5U;
				ENABLE_PREVIEWS = YES;
				GENERATE_INFOPLIST_FILE = YES;
				INFOPLIST_KEY_UIApplicationSceneManifest_Generation = YES;
				INFOPLIST_KEY_UIApplicationSupportsIndirectInputEvents = YES;
				INFOPLIST_KEY_UILaunchScreen_Generation = YES;
				INFOPLIST_KEY_UISupportedInterfaceOrientations_iPad = "UIInterfaceOrientationPortrait UIInterfaceOrientationPortraitUpsideDown UIInterfaceOrientationLandscapeLeft UIInterfaceOrientationLandscapeRight";
				INFOPLIST_KEY_UISupportedInterfaceOrientations_iPhone = "UIInterfaceOrientationPortrait UIInterfaceOrientationLandscapeLeft UIInterfaceOrientationLandscapeRight";
				LD_RUNPATH_SEARCH_PATHS = (
					"$(inherited)",
					"@executable_path/Frameworks",
				);
				MARKETING_VERSION = 1.0;
				PRODUCT_BUNDLE_IDENTIFIER = com.DanielPuente.OutdoorNest;
				PRODUCT_NAME = "$(TARGET_NAME)";
				SWIFT_EMIT_LOC_STRINGS = YES;
				SWIFT_VERSION = 5.0;
				TARGETED_DEVICE_FAMILY = "1,2";
			};
			name = Debug;
		};
		EDB3D8042B102310008B6939 /* Release */ = {
			isa = XCBuildConfiguration;
			buildSettings = {
				ASSETCATALOG_COMPILER_APPICON_NAME = AppIcon;
				ASSETCATALOG_COMPILER_GLOBAL_ACCENT_COLOR_NAME = AccentColor;
				CODE_SIGN_STYLE = Automatic;
				CURRENT_PROJECT_VERSION = 1;
				DEVELOPMENT_ASSET_PATHS = "\"OutdoorNest/Preview Content\"";
				DEVELOPMENT_TEAM = 948YBRSZ5U;
				ENABLE_PREVIEWS = YES;
				GENERATE_INFOPLIST_FILE = YES;
				INFOPLIST_KEY_UIApplicationSceneManifest_Generation = YES;
				INFOPLIST_KEY_UIApplicationSupportsIndirectInputEvents = YES;
				INFOPLIST_KEY_UILaunchScreen_Generation = YES;
				INFOPLIST_KEY_UISupportedInterfaceOrientations_iPad = "UIInterfaceOrientationPortrait UIInterfaceOrientationPortraitUpsideDown UIInterfaceOrientationLandscapeLeft UIInterfaceOrientationLandscapeRight";
				INFOPLIST_KEY_UISupportedInterfaceOrientations_iPhone = "UIInterfaceOrientationPortrait UIInterfaceOrientationLandscapeLeft UIInterfaceOrientationLandscapeRight";
				LD_RUNPATH_SEARCH_PATHS = (
					"$(inherited)",
					"@executable_path/Frameworks",
				);
				MARKETING_VERSION = 1.0;
				PRODUCT_BUNDLE_IDENTIFIER = com.DanielPuente.OutdoorNest;
				PRODUCT_NAME = "$(TARGET_NAME)";
				SWIFT_EMIT_LOC_STRINGS = YES;
				SWIFT_VERSION = 5.0;
				TARGETED_DEVICE_FAMILY = "1,2";
			};
			name = Release;
		};
/* End XCBuildConfiguration section */

/* Begin XCConfigurationList section */
		EDB3D7EA2B10230E008B6939 /* Build configuration list for PBXProject "OutdoorNest" */ = {
			isa = XCConfigurationList;
			buildConfigurations = (
				EDB3D8002B102310008B6939 /* Debug */,
				EDB3D8012B102310008B6939 /* Release */,
			);
			defaultConfigurationIsVisible = 0;
			defaultConfigurationName = Release;
		};
		EDB3D8022B102310008B6939 /* Build configuration list for PBXNativeTarget "OutdoorNest" */ = {
			isa = XCConfigurationList;
			buildConfigurations = (
				EDB3D8032B102310008B6939 /* Debug */,
				EDB3D8042B102310008B6939 /* Release */,
			);
			defaultConfigurationIsVisible = 0;
			defaultConfigurationName = Release;
		};
/* End XCConfigurationList section */

/* Begin XCRemoteSwiftPackageReference section */
		EDB3D81D2B1A7EA8008B6939 /* XCRemoteSwiftPackageReference "ACNetwork" */ = {
			isa = XCRemoteSwiftPackageReference;
			repositoryURL = "https://github.com/applecodingacademy/ACNetwork";
			requirement = {
				kind = upToNextMajorVersion;
				minimumVersion = 0.0.2;
			};
		};
/* End XCRemoteSwiftPackageReference section */

/* Begin XCSwiftPackageProductDependency section */
		EDB3D81E2B1A7EA8008B6939 /* ACNetwork */ = {
			isa = XCSwiftPackageProductDependency;
			package = EDB3D81D2B1A7EA8008B6939 /* XCRemoteSwiftPackageReference "ACNetwork" */;
			productName = ACNetwork;
		};
/* End XCSwiftPackageProductDependency section */

/* Begin XCVersionGroup section */
		EDB3D7FD2B102310008B6939 /* OutdoorNest.xcdatamodeld */ = {
			isa = XCVersionGroup;
			children = (
				EDB3D7FE2B102310008B6939 /* OutdoorNest.xcdatamodel */,
			);
			currentVersion = EDB3D7FE2B102310008B6939 /* OutdoorNest.xcdatamodel */;
			path = OutdoorNest.xcdatamodeld;
			sourceTree = "<group>";
			versionGroupType = wrapper.xcdatamodel;
		};
/* End XCVersionGroup section */
	};
	rootObject = EDB3D7E72B10230E008B6939 /* Project object */;
}
